
Microsoft Visual Studio Solution File, Format Version 12.00
# Visual Studio Version 17
VisualStudioVersion = 17.0.31903.59
MinimumVisualStudioVersion = 10.0.40219.1
Project("{FAE04EC0-301F-11D3-BF4B-00C04F79EFBC}") = "API", "API\API.csproj", "{349F74CD-B92E-4128-8D06-6E1FF78883E1}"
EndProject
Project("{FAE04EC0-301F-11D3-BF4B-00C04F79EFBC}") = "Core", "Core\Core.csproj", "{86D774FE-FB21-4755-B73C-3C2E3CAC30FA}"
EndProject
Project("{FAE04EC0-301F-11D3-BF4B-00C04F79EFBC}") = "Infrastructure", "Infrastructure\Infrastructure.csproj", "{F4084CF5-60C7-40E1-8BD6-9326A06CCE5B}"
EndProject
Global
	GlobalSection(SolutionConfigurationPlatforms) = preSolution
		Debug|Any CPU = Debug|Any CPU
		Release|Any CPU = Release|Any CPU
	EndGlobalSection
	GlobalSection(SolutionProperties) = preSolution
		HideSolutionNode = FALSE
	EndGlobalSection
	GlobalSection(ProjectConfigurationPlatforms) = postSolution
		{349F74CD-B92E-4128-8D06-6E1FF78883E1}.Debug|Any CPU.ActiveCfg = Debug|Any CPU
		{349F74CD-B92E-4128-8D06-6E1FF78883E1}.Debug|Any CPU.Build.0 = Debug|Any CPU
		{349F74CD-B92E-4128-8D06-6E1FF78883E1}.Release|Any CPU.ActiveCfg = Release|Any CPU
		{349F74CD-B92E-4128-8D06-6E1FF78883E1}.Release|Any CPU.Build.0 = Release|Any CPU
		{86D774FE-FB21-4755-B73C-3C2E3CAC30FA}.Debug|Any CPU.ActiveCfg = Debug|Any CPU
		{86D774FE-FB21-4755-B73C-3C2E3CAC30FA}.Debug|Any CPU.Build.0 = Debug|Any CPU
		{86D774FE-FB21-4755-B73C-3C2E3CAC30FA}.Release|Any CPU.ActiveCfg = Release|Any CPU
		{86D774FE-FB21-4755-B73C-3C2E3CAC30FA}.Release|Any CPU.Build.0 = Release|Any CPU
		{F4084CF5-60C7-40E1-8BD6-9326A06CCE5B}.Debug|Any CPU.ActiveCfg = Debug|Any CPU
		{F4084CF5-60C7-40E1-8BD6-9326A06CCE5B}.Debug|Any CPU.Build.0 = Debug|Any CPU
		{F4084CF5-60C7-40E1-8BD6-9326A06CCE5B}.Release|Any CPU.ActiveCfg = Release|Any CPU
		{F4084CF5-60C7-40E1-8BD6-9326A06CCE5B}.Release|Any CPU.Build.0 = Release|Any CPU
	EndGlobalSection
EndGlobal
